# This file is automatically @generated by Poetry 1.7.1 and should not be changed by hand.

[[package]]
name = "chispa"
version = "0.9.2"
description = "Pyspark test helper library"
optional = false
python-versions = ">=3.5"
files = [
    {file = "chispa-0.9.2-py3-none-any.whl", hash = "sha256:c6eae922f5c3ccd08f4dc3707202291bb249e68e319d0641795d92d80cfb1cad"},
    {file = "chispa-0.9.2.tar.gz", hash = "sha256:621ad2e64fd27e7372c7b90ab2d5ad1f8dd69b737a3421ba5b6f84b113a18b84"},
]

[[package]]
name = "colorama"
version = "0.4.6"
description = "Cross-platform colored terminal text."
optional = false
python-versions = "!=3.0.*,!=3.1.*,!=3.2.*,!=3.3.*,!=3.4.*,!=3.5.*,!=3.6.*,>=2.7"
files = [
    {file = "colorama-0.4.6-py2.py3-none-any.whl", hash = "sha256:4f1d9991f5acc0ca119f9d443620b77f9d6b33703e51011c16baf57afb285fc6"},
    {file = "colorama-0.4.6.tar.gz", hash = "sha256:08695f5cb7ed6e0531a20572697297273c47b8cae5a63ffc6d6ed5c201be6e44"},
]

[[package]]
name = "exceptiongroup"
version = "1.2.0"
description = "Backport of PEP 654 (exception groups)"
optional = false
python-versions = ">=3.7"
files = [
    {file = "exceptiongroup-1.2.0-py3-none-any.whl", hash = "sha256:4bfd3996ac73b41e9b9628b04e079f193850720ea5945fc96a08633c66912f14"},
    {file = "exceptiongroup-1.2.0.tar.gz", hash = "sha256:91f5c769735f051a4290d52edd0858999b57e5876e9f85937691bd4c9fa3ed68"},
]

[package.extras]
test = ["pytest (>=6)"]

[[package]]
name = "importlib-metadata"
version = "6.7.0"
description = "Read metadata from Python packages"
optional = false
python-versions = ">=3.7"
files = [
    {file = "importlib_metadata-6.7.0-py3-none-any.whl", hash = "sha256:cb52082e659e97afc5dac71e79de97d8681de3aa07ff18578330904a9d18e5b5"},
    {file = "importlib_metadata-6.7.0.tar.gz", hash = "sha256:1aaf550d4f73e5d6783e7acb77aec43d49da8017410afae93822cc9cca98c4d4"},
]

[package.dependencies]
typing-extensions = {version = ">=3.6.4", markers = "python_version < \"3.8\""}
zipp = ">=0.5"

[package.extras]
docs = ["furo", "jaraco.packaging (>=9)", "jaraco.tidelift (>=1.4)", "rst.linker (>=1.9)", "sphinx (>=3.5)", "sphinx-lint"]
perf = ["ipython"]
testing = ["flufl.flake8", "importlib-resources (>=1.3)", "packaging", "pyfakefs", "pytest (>=6)", "pytest-black (>=0.3.7)", "pytest-checkdocs (>=2.4)", "pytest-cov", "pytest-enabler (>=1.3)", "pytest-mypy (>=0.9.1)", "pytest-perf (>=0.9.2)", "pytest-ruff"]

[[package]]
name = "iniconfig"
version = "2.0.0"
description = "brain-dead simple config-ini parsing"
optional = false
python-versions = ">=3.7"
files = [
    {file = "iniconfig-2.0.0-py3-none-any.whl", hash = "sha256:b6a85871a79d2e3b22d2d1b94ac2824226a63c6b741c88f7ae975f18b6778374"},
    {file = "iniconfig-2.0.0.tar.gz", hash = "sha256:2d91e135bf72d31a410b17c16da610a82cb55f6b0477d1a902134b24a455b8b3"},
]

[[package]]
name = "jellyfish"
version = "0.8.9"
description = "a library for doing approximate and phonetic matching of strings."
optional = false
python-versions = ">3.5"
files = [
    {file = "jellyfish-0.8.9-cp310-cp310-macosx_10_14_x86_64.whl", hash = "sha256:a3b3a31762b8c1286241ddd8a01c61d34df647d805bb5f659b8d6936612265d3"},
    {file = "jellyfish-0.8.9-cp310-cp310-manylinux_2_17_aarch64.manylinux2014_aarch64.whl", hash = "sha256:bb4b2e1886f96b5721a1cbf2f2c22e8fe94af9688aec8e29945c11ab8f129a02"},
    {file = "jellyfish-0.8.9-cp310-cp310-win_amd64.whl", hash = "sha256:b1fd092e60e06115da2f4ab754ba11df7740d5bfe19021c73616b456240315c8"},
    {file = "jellyfish-0.8.9-cp36-cp36m-macosx_10_14_x86_64.whl", hash = "sha256:13696b496dee907e86bc1966acaa53a85d3ac893221caa9fe020630cb49c0c4d"},
    {file = "jellyfish-0.8.9-cp36-cp36m-manylinux_2_17_aarch64.manylinux2014_aarch64.whl", hash = "sha256:9dd016d3731d90231a5f1874a91b05c4fea12de1fba1e7830484b1f30d78de4c"},
    {file = "jellyfish-0.8.9-cp36-cp36m-win_amd64.whl", hash = "sha256:beebadb1602ef407b94d9b31914fd7e4e260e6e62e09865276f59cff1278a7e8"},
    {file = "jellyfish-0.8.9-cp37-cp37m-macosx_10_14_x86_64.whl", hash = "sha256:77837d9156d34af8056cbf05818506549da3e585179ec8217ea32d9f5e2ad578"},
    {file = "jellyfish-0.8.9-cp37-cp37m-manylinux_2_17_aarch64.manylinux2014_aarch64.whl", hash = "sha256:2340c137a03dd3e64ed3eb5d60b7353c162bed80d7cd8bcb3c5e9053d325d724"},
    {file = "jellyfish-0.8.9-cp37-cp37m-win_amd64.whl", hash = "sha256:a9ba695c97a8c3dc0b08d44503a137a12a2e6ce3cf02d4d77f1831aa4a5f7218"},
    {file = "jellyfish-0.8.9-cp38-cp38-macosx_10_14_x86_64.whl", hash = "sha256:f218e8a004d8748f251923019d7979a7f83accc95b3a5f1d656d543b8f5b5291"},
    {file = "jellyfish-0.8.9-cp38-cp38-manylinux_2_17_aarch64.manylinux2014_aarch64.whl", hash = "sha256:5997559270da8df1566d3a19cfa89b7585c9da5aa60010bb925247e482c73afe"},
    {file = "jellyfish-0.8.9-cp38-cp38-win_amd64.whl", hash = "sha256:9965ebaecba43c709ad4b93cd1e7cb0c0c452d58a339459e0d69c4b57e81f84d"},
    {file = "jellyfish-0.8.9-cp39-cp39-macosx_10_14_x86_64.whl", hash = "sha256:3ad030b96f7d459daa97da249ca68d74ed261367b58e9af1f02c7bded7ed8e45"},
    {file = "jellyfish-0.8.9-cp39-cp39-manylinux_2_17_aarch64.manylinux2014_aarch64.whl", hash = "sha256:bb30a07adf110d6f7d03d6bd531b1947134b1517ef45147f1329c9715ab4b9ce"},
    {file = "jellyfish-0.8.9-cp39-cp39-win_amd64.whl", hash = "sha256:92d69421ed39d4036ea82d7a726300b1e016368cf5f31c3b209887390165d30e"},
    {file = "jellyfish-0.8.9.tar.gz", hash = "sha256:90d25e8f5971ebbcf56f216ff5bb65d6466572b78908c88c47ab588d4ea436c2"},
]

[[package]]
name = "packaging"
version = "23.2"
description = "Core utilities for Python packages"
optional = false
python-versions = ">=3.7"
files = [
    {file = "packaging-23.2-py3-none-any.whl", hash = "sha256:8c491190033a9af7e1d931d0b5dacc2ef47509b34dd0de67ed209b5203fc88c7"},
    {file = "packaging-23.2.tar.gz", hash = "sha256:048fb0e9405036518eaaf48a55953c750c11e1a1b68e0dd1a9d62ed0c092cfc5"},
]

[[package]]
name = "pluggy"
version = "1.2.0"
description = "plugin and hook calling mechanisms for python"
optional = false
python-versions = ">=3.7"
files = [
    {file = "pluggy-1.2.0-py3-none-any.whl", hash = "sha256:c2fd55a7d7a3863cba1a013e4e2414658b1d07b6bc57b3919e0c63c9abb99849"},
    {file = "pluggy-1.2.0.tar.gz", hash = "sha256:d12f0c4b579b15f5e054301bb226ee85eeeba08ffec228092f8defbaa3a4c4b3"},
]

[package.dependencies]
importlib-metadata = {version = ">=0.12", markers = "python_version < \"3.8\""}

[package.extras]
dev = ["pre-commit", "tox"]
testing = ["pytest", "pytest-benchmark"]

[[package]]
name = "py4j"
version = "0.10.9.7"
description = "Enables Python programs to dynamically access arbitrary Java objects"
optional = false
python-versions = "*"
files = [
    {file = "py4j-0.10.9.7-py2.py3-none-any.whl", hash = "sha256:85defdfd2b2376eb3abf5ca6474b51ab7e0de341c75a02f46dc9b5976f5a5c1b"},
    {file = "py4j-0.10.9.7.tar.gz", hash = "sha256:0b6e5315bb3ada5cf62ac651d107bb2ebc02def3dee9d9548e3baac644ea8dbb"},
]

[[package]]
name = "pyspark"
version = "3.4.2"
description = "Apache Spark Python API"
optional = false
python-versions = ">=3.7"
files = [
    {file = "pyspark-3.4.2.tar.gz", hash = "sha256:088db1b8ff33a748b802f1710ff6f6dcef0e0f2cca7d69bbbe55b187a0d55c3f"},
]

[package.dependencies]
py4j = "0.10.9.7"

[package.extras]
connect = ["googleapis-common-protos (>=1.56.4)", "grpcio (>=1.48.1)", "grpcio-status (>=1.48.1)", "numpy (>=1.15)", "pandas (>=1.0.5)", "pyarrow (>=1.0.0)"]
ml = ["numpy (>=1.15)"]
mllib = ["numpy (>=1.15)"]
pandas-on-spark = ["numpy (>=1.15)", "pandas (>=1.0.5)", "pyarrow (>=1.0.0)"]
sql = ["numpy (>=1.15)", "pandas (>=1.0.5)", "pyarrow (>=1.0.0)"]

[[package]]
name = "pytest"
version = "7.4.4"
description = "pytest: simple powerful testing with Python"
optional = false
python-versions = ">=3.7"
files = [
    {file = "pytest-7.4.4-py3-none-any.whl", hash = "sha256:b090cdf5ed60bf4c45261be03239c2c1c22df034fbffe691abe93cd80cea01d8"},
    {file = "pytest-7.4.4.tar.gz", hash = "sha256:2cf0005922c6ace4a3e2ec8b4080eb0d9753fdc93107415332f50ce9e7994280"},
]

[package.dependencies]
colorama = {version = "*", markers = "sys_platform == \"win32\""}
exceptiongroup = {version = ">=1.0.0rc8", markers = "python_version < \"3.11\""}
importlib-metadata = {version = ">=0.12", markers = "python_version < \"3.8\""}
iniconfig = "*"
packaging = "*"
pluggy = ">=0.12,<2.0"
tomli = {version = ">=1.0.0", markers = "python_version < \"3.11\""}

[package.extras]
testing = ["argcomplete", "attrs (>=19.2.0)", "hypothesis (>=3.56)", "mock", "nose", "pygments (>=2.7.2)", "requests", "setuptools", "xmlschema"]

[[package]]
name = "setuptools"
version = "57.5.0"
description = "Easily download, build, install, upgrade, and uninstall Python packages"
optional = false
python-versions = ">=3.6"
files = [
    {file = "setuptools-57.5.0-py3-none-any.whl", hash = "sha256:60d78588f15b048f86e35cdab73003d8b21dd45108ee61a6693881a427f22073"},
    {file = "setuptools-57.5.0.tar.gz", hash = "sha256:d9d3266d50f59c6967b9312844470babbdb26304fe740833a5f8d89829ba3a24"},
]

[package.extras]
docs = ["furo", "jaraco.packaging (>=8.2)", "jaraco.tidelift (>=1.4)", "pygments-github-lexers (==0.0.5)", "rst.linker (>=1.9)", "sphinx", "sphinx-inline-tabs", "sphinxcontrib-towncrier"]
testing = ["flake8-2020", "jaraco.envs", "jaraco.path (>=3.2.0)", "mock", "paver", "pip (>=19.1)", "pytest (>=4.6)", "pytest-black (>=0.3.7)", "pytest-checkdocs (>=2.4)", "pytest-cov", "pytest-enabler (>=1.0.1)", "pytest-flake8", "pytest-mypy", "pytest-virtualenv (>=1.2.7)", "pytest-xdist", "sphinx", "virtualenv (>=13.0.0)", "wheel"]

[[package]]
name = "stringzilla"
version = "3.1.2"
description = "SIMD-accelerated string search, sort, hashes, fingerprints, & edit distances"
optional = false
python-versions = "*"
files = [
    {file = "stringzilla-3.1.2-cp310-cp310-macosx_10_9_universal2.whl", hash = "sha256:18037a31bc4f2a22c6a88e29b190dbbe90223d13f48ab44cc4a00dcf25b76037"},
    {file = "stringzilla-3.1.2-cp310-cp310-macosx_10_9_x86_64.whl", hash = "sha256:91d9afd889a4b847b136d7fb08efc7365b3bbdb8ce928afe026757fe340e37de"},
    {file = "stringzilla-3.1.2-cp310-cp310-macosx_11_0_arm64.whl", hash = "sha256:c7695f064f7d6f5eef3f9fe20abc4b53594c868e66768cb0b87e8e77bfac6101"},
    {file = "stringzilla-3.1.2-cp310-cp310-manylinux_2_17_aarch64.manylinux2014_aarch64.manylinux_2_28_aarch64.whl", hash = "sha256:724784abd425fdcf7165ef90d511bcb7ab68824e06706ef9443be578f1d10138"},
    {file = "stringzilla-3.1.2-cp310-cp310-manylinux_2_17_ppc64le.manylinux2014_ppc64le.whl", hash = "sha256:1a0f50e9a84b7e6ba557677551e7ae6920d33394dbbea15b7da545d7024ec691"},
    {file = "stringzilla-3.1.2-cp310-cp310-manylinux_2_17_s390x.manylinux2014_s390x.whl", hash = "sha256:36504e2fe4fd76f19271a7b2a8fa2fa6833c56f6cc27808f619a64a2e550ace4"},
    {file = "stringzilla-3.1.2-cp310-cp310-manylinux_2_17_x86_64.manylinux2014_x86_64.manylinux_2_28_x86_64.whl", hash = "sha256:3dcf232fd6cacf687074a2d50e664757f00ffc190779287f2b949e9687ef43f3"},
    {file = "stringzilla-3.1.2-cp310-cp310-manylinux_2_5_i686.manylinux1_i686.manylinux_2_17_i686.manylinux2014_i686.whl", hash = "sha256:1c24d7ab58290c3f310ba4fa734fd7f2e7a10e7a1efdc61344f8cab7dbf6133c"},
    {file = "stringzilla-3.1.2-cp310-cp310-musllinux_1_1_i686.whl", hash = "sha256:edff79d8f55b48c3c68a5f07f42a880cbf3588b8724c351fedbcac1dbb72bd81"},
    {file = "stringzilla-3.1.2-cp310-cp310-musllinux_1_1_ppc64le.whl", hash = "sha256:ee3ed31148e3d5cc56490ed29011f504051a9d7e954f05d5a954b808a2c086da"},
    {file = "stringzilla-3.1.2-cp310-cp310-musllinux_1_1_s390x.whl", hash = "sha256:d07c637cb252a9eacda1ae0c50d633eb2ddc9fdba1b656fd9d97f3d9c8dbd77e"},
    {file = "stringzilla-3.1.2-cp310-cp310-musllinux_1_2_aarch64.whl", hash = "sha256:f19349b01dcf0374d09709dddf8dfe4114c4c58c82b25724b2b0d6e1bfe426df"},
    {file = "stringzilla-3.1.2-cp310-cp310-musllinux_1_2_x86_64.whl", hash = "sha256:784cc6fa7aa9ff4d09df60ac87f334e774d6240b31cd3cfb9614e6a14d6c4d6f"},
    {file = "stringzilla-3.1.2-cp310-cp310-win32.whl", hash = "sha256:70ce56fa733173ef3b219c57352404a0fa10fd0b2d9fab1eb5e1aed5d9569916"},
    {file = "stringzilla-3.1.2-cp310-cp310-win_amd64.whl", hash = "sha256:a3578b0f06fac1c8553b3fc7cd191fc07d83b827dc416502d64ca7d10bd299c6"},
    {file = "stringzilla-3.1.2-cp310-cp310-win_arm64.whl", hash = "sha256:ffa095950f8c45cae7a82cc1bf92aa12340089f7fbf3ece537cdbf1824603c95"},
    {file = "stringzilla-3.1.2-cp311-cp311-macosx_10_9_universal2.whl", hash = "sha256:1a711ae9714684fc982906567b7e8a401ced5cf7b92bbe687781609205527d25"},
    {file = "stringzilla-3.1.2-cp311-cp311-macosx_10_9_x86_64.whl", hash = "sha256:c9608b4d895ef2cc2ef120721021b8c833195edcb50f7ace2134352899f6ea12"},
    {file = "stringzilla-3.1.2-cp311-cp311-macosx_11_0_arm64.whl", hash = "sha256:ae941015cda1f46609966a4689d7eca75395bdee4726694fa2be06227b358345"},
    {file = "stringzilla-3.1.2-cp311-cp311-manylinux_2_17_aarch64.manylinux2014_aarch64.manylinux_2_28_aarch64.whl", hash = "sha256:33e242725e452fa1bf08aebd71f63d52bed8a4cb810e64aeb52409b33ff8ba3b"},
    {file = "stringzilla-3.1.2-cp311-cp311-manylinux_2_17_ppc64le.manylinux2014_ppc64le.whl", hash = "sha256:fd6092d2080c2a21686b667f8ec2e9a8a3c879d76b49a68eeafcdf1d390ac321"},
    {file = "stringzilla-3.1.2-cp311-cp311-manylinux_2_17_s390x.manylinux2014_s390x.whl", hash = "sha256:d8984eac8a864815280d7e2394e022ecd7b40db9108f3991a717dba3f3fdbc57"},
    {file = "stringzilla-3.1.2-cp311-cp311-manylinux_2_17_x86_64.manylinux2014_x86_64.manylinux_2_28_x86_64.whl", hash = "sha256:deffc571f0596ffca510e1f08d2df18989b67eff2c89063dcfe2105bf8a6d902"},
    {file = "stringzilla-3.1.2-cp311-cp311-manylinux_2_5_i686.manylinux1_i686.manylinux_2_17_i686.manylinux2014_i686.whl", hash = "sha256:9cbd9a68ff55e14b699d5e25f9ea63deb4b258bc675e765081d49d16dc29cec7"},
    {file = "stringzilla-3.1.2-cp311-cp311-musllinux_1_1_i686.whl", hash = "sha256:f749e0237bd8c90ed13a1efa7eb1261deee969eb178b1c16cc0df9cdf908b0c3"},
    {file = "stringzilla-3.1.2-cp311-cp311-musllinux_1_1_ppc64le.whl", hash = "sha256:cd8bf9096b145461524bc67744dfa6031142e7fd2a93c1bf246e6dd8b718636c"},
    {file = "stringzilla-3.1.2-cp311-cp311-musllinux_1_1_s390x.whl", hash = "sha256:187060d9f8a61dcb088b3977af3243f99ce18bda471cd2d5915884fcb62627ce"},
    {file = "stringzilla-3.1.2-cp311-cp311-musllinux_1_2_aarch64.whl", hash = "sha256:d4e073bb1936ecea5d9692dd808aa4eecfbec590f4d4eeebd139eb32aab54110"},
    {file = "stringzilla-3.1.2-cp311-cp311-musllinux_1_2_x86_64.whl", hash = "sha256:20357e5adc17d935dd91d310ff589f710c22e15b13ac74c5797b5eaadb3f1bb1"},
    {file = "stringzilla-3.1.2-cp311-cp311-win32.whl", hash = "sha256:d55d97fde2460cc80309e455e9392a4b91de4502b3ecc241728bde87b18018d8"},
    {file = "stringzilla-3.1.2-cp311-cp311-win_amd64.whl", hash = "sha256:6603f7f0aecd978e3d1a884aab98df8dabf545892d58c16c73004e743055415c"},
    {file = "stringzilla-3.1.2-cp311-cp311-win_arm64.whl", hash = "sha256:385e3f585f1c06b80b779198d1977fbb94bd45ed3016cb477752898a374341ea"},
    {file = "stringzilla-3.1.2-cp312-cp312-macosx_10_9_universal2.whl", hash = "sha256:7f3397c696831b181a4ca61180f21506efc13630c14a6ef23100e07b2da2c8be"},
    {file = "stringzilla-3.1.2-cp312-cp312-macosx_10_9_x86_64.whl", hash = "sha256:4636bc45ff02bba157c2d1e72194b38062df52a5bcacc7b315f67694ce4df34f"},
    {file = "stringzilla-3.1.2-cp312-cp312-macosx_11_0_arm64.whl", hash = "sha256:9908cf5703246ecf84c56ce3d14dbb9a6e7b2fc1bee07f19ad4c7bf54f492c76"},
    {file = "stringzilla-3.1.2-cp312-cp312-manylinux_2_17_aarch64.manylinux2014_aarch64.manylinux_2_28_aarch64.whl", hash = "sha256:9d548a46c0d6990ed4cd2527f116483070d429bde7f5e1c9fa7219e896eb7b1f"},
    {file = "stringzilla-3.1.2-cp312-cp312-manylinux_2_17_ppc64le.manylinux2014_ppc64le.whl", hash = "sha256:f0ccdf075f7872077cf9b297e30337eafb624b1343c2fdd1671d7f73196d3564"},
    {file = "stringzilla-3.1.2-cp312-cp312-manylinux_2_17_s390x.manylinux2014_s390x.whl", hash = "sha256:926cc73b10ce5fa7f14ee7afaf21391c66145a49a9bc5f5e65334a3631471cd0"},
    {file = "stringzilla-3.1.2-cp312-cp312-manylinux_2_17_x86_64.manylinux2014_x86_64.manylinux_2_28_x86_64.whl", hash = "sha256:3437843c517cfd76c202b7affdacddefb4ef4b8f66aad60c5acfe2a44aa57f37"},
    {file = "stringzilla-3.1.2-cp312-cp312-manylinux_2_5_i686.manylinux1_i686.manylinux_2_17_i686.manylinux2014_i686.whl", hash = "sha256:f35277b69f783571192d8727fcbcf4831409a3e97b9b6d15f23960e151a1346b"},
    {file = "stringzilla-3.1.2-cp312-cp312-musllinux_1_1_i686.whl", hash = "sha256:cd0e10544822fa70aa1c183352f5270d9998d49e543a49102f554e4954d322e7"},
    {file = "stringzilla-3.1.2-cp312-cp312-musllinux_1_1_ppc64le.whl", hash = "sha256:b311d421b3d5102ec8d0344edc4aea1db937338b52963767d541abafebd72409"},
    {file = "stringzilla-3.1.2-cp312-cp312-musllinux_1_1_s390x.whl", hash = "sha256:621f4b2eaaddd25a91af2bd89c5673bdd22045ed77590c3d08febf46f4948b09"},
    {file = "stringzilla-3.1.2-cp312-cp312-musllinux_1_2_aarch64.whl", hash = "sha256:908542b0390baf46ae69baf5ba60a5baf7fdc81173fcf7206664b07c1e7ce5ef"},
    {file = "stringzilla-3.1.2-cp312-cp312-musllinux_1_2_x86_64.whl", hash = "sha256:844ecf00e91e34058eb853e5434289e7b8f7ecdfb7babfb2eeb30149140f16a2"},
    {file = "stringzilla-3.1.2-cp312-cp312-win32.whl", hash = "sha256:25fff60b5f548f114fba7e5c4d3496f4cc8882afac0e852fa9275c0d5beee503"},
    {file = "stringzilla-3.1.2-cp312-cp312-win_amd64.whl", hash = "sha256:bef4159f50ab84cd58ebc5e7bb87bb129440181b5c16fec94f32151330709006"},
    {file = "stringzilla-3.1.2-cp312-cp312-win_arm64.whl", hash = "sha256:312a19aedba8f7a950b2873fed6823965c915f19a0f110fb956500e8387e9140"},
    {file = "stringzilla-3.1.2-cp36-cp36m-macosx_10_9_x86_64.whl", hash = "sha256:84d91226fd99e4cd93a258bd8e8d1ee6d0f55a317cf508910f5402b84c9340f7"},
    {file = "stringzilla-3.1.2-cp36-cp36m-manylinux_2_17_aarch64.manylinux2014_aarch64.manylinux_2_28_aarch64.whl", hash = "sha256:45ec1144af7f0f8534affb7275699df07766a424e7a984e3f8e1dd59eb867d58"},
    {file = "stringzilla-3.1.2-cp36-cp36m-manylinux_2_17_ppc64le.manylinux2014_ppc64le.whl", hash = "sha256:c4425f05766877a53199971902206f1d78815bc07fd354af16bb1cbc57376320"},
    {file = "stringzilla-3.1.2-cp36-cp36m-manylinux_2_17_s390x.manylinux2014_s390x.whl", hash = "sha256:cc8708a74ec4edd7784f099e9524c6cfea5692465957ba6c413c590e4648fd0b"},
    {file = "stringzilla-3.1.2-cp36-cp36m-manylinux_2_17_x86_64.manylinux2014_x86_64.manylinux_2_28_x86_64.whl", hash = "sha256:27f02a2ed8dedbe6a36abe4ccabd27a9c7ec9effd41ad65c79b22fb529378827"},
    {file = "stringzilla-3.1.2-cp36-cp36m-manylinux_2_5_i686.manylinux1_i686.manylinux_2_17_i686.manylinux2014_i686.whl", hash = "sha256:b12e8418cd77b1089d9ae2494590df6ec40ccb5f3b1cf48fb75cf75776814240"},
    {file = "stringzilla-3.1.2-cp36-cp36m-musllinux_1_1_i686.whl", hash = "sha256:728cdd2d6b59a1060f8a924b513e547f6f2eadcbe458c6f818bd4bce1aa81030"},
    {file = "stringzilla-3.1.2-cp36-cp36m-musllinux_1_1_ppc64le.whl", hash = "sha256:1064d6a838c179c2f62c70efae6ae71863c1aa14a7ea29d6843a7a3de84d1f40"},
    {file = "stringzilla-3.1.2-cp36-cp36m-musllinux_1_1_s390x.whl", hash = "sha256:0933038b61a28e6065fbf63cca89fe9e50d19844499c67da1855ea8648a896d4"},
    {file = "stringzilla-3.1.2-cp36-cp36m-musllinux_1_2_aarch64.whl", hash = "sha256:4a33115323ea23f3959dc7c1e00552adbe0a309ceb4473c6b180b6c514504f7b"},
    {file = "stringzilla-3.1.2-cp36-cp36m-musllinux_1_2_x86_64.whl", hash = "sha256:971feeba5e5f84d60c2deacff616827492828ccf332a9c3f131159317902b53b"},
    {file = "stringzilla-3.1.2-cp36-cp36m-win32.whl", hash = "sha256:d433dbf301447ea9287391d1205ab4983c75a18921b691b1acd258ce216db1b7"},
    {file = "stringzilla-3.1.2-cp36-cp36m-win_amd64.whl", hash = "sha256:e3550c9d619dd6c1aba6d2f6ef9be2ecf89e6eb5328821b82b6643f629a6ee01"},
    {file = "stringzilla-3.1.2-cp37-cp37m-macosx_10_9_x86_64.whl", hash = "sha256:a7135e73820cc323cfa1825f9ae9be95529f4dc6965ad75a0d3e91c6b7efdaf2"},
    {file = "stringzilla-3.1.2-cp37-cp37m-manylinux_2_17_aarch64.manylinux2014_aarch64.manylinux_2_28_aarch64.whl", hash = "sha256:c6adfa0295bfcfb441eada5f6e9bf54db2cc5e67a900e70d511bcb255b98881d"},
    {file = "stringzilla-3.1.2-cp37-cp37m-manylinux_2_17_ppc64le.manylinux2014_ppc64le.whl", hash = "sha256:ba7448d5aecb87d37699d991987151fbcab933a68f46a5ebfa808ff07e431f62"},
    {file = "stringzilla-3.1.2-cp37-cp37m-manylinux_2_17_s390x.manylinux2014_s390x.whl", hash = "sha256:4b60fe632404fd1e8a764dfe2413474e13bde78c4869793c60a1c37a9d6e0206"},
    {file = "stringzilla-3.1.2-cp37-cp37m-manylinux_2_17_x86_64.manylinux2014_x86_64.manylinux_2_28_x86_64.whl", hash = "sha256:428976553bce3a6b0cf80d67acfdd2c5f6c39c25f7828be1af44422c74007fa9"},
    {file = "stringzilla-3.1.2-cp37-cp37m-manylinux_2_5_i686.manylinux1_i686.manylinux_2_17_i686.manylinux2014_i686.whl", hash = "sha256:51e2bf90746782a2a9eea269b74e2ff988cdf9d847c84ec8f1c4801e2cb4dc98"},
    {file = "stringzilla-3.1.2-cp37-cp37m-musllinux_1_1_i686.whl", hash = "sha256:60f60228ec06a8dbd99e476ced3b365a37cba1c7f822270f2c5568b84a7ab13e"},
    {file = "stringzilla-3.1.2-cp37-cp37m-musllinux_1_1_ppc64le.whl", hash = "sha256:afe5e030e7228e7f66ae8464e2f168cd7c6acee67651ccbf85b01e892fedd664"},
    {file = "stringzilla-3.1.2-cp37-cp37m-musllinux_1_1_s390x.whl", hash = "sha256:4f889f64a9680b51f316907cf240c7620082807492859814e90e48af652cee40"},
    {file = "stringzilla-3.1.2-cp37-cp37m-musllinux_1_2_aarch64.whl", hash = "sha256:416877907a1b737b9f33b5b69bf42aeedbe4dba635b239257764384c468f3fcf"},
    {file = "stringzilla-3.1.2-cp37-cp37m-musllinux_1_2_x86_64.whl", hash = "sha256:03fb6fd13821ac358515cb196eac8e479794ed47f69a7b1a309513a77e462566"},
    {file = "stringzilla-3.1.2-cp37-cp37m-win32.whl", hash = "sha256:71036ecd9897311ed20e703bc962dc9e84c0e3a45bca6458afb2241132586ee2"},
    {file = "stringzilla-3.1.2-cp37-cp37m-win_amd64.whl", hash = "sha256:6c748112b9e9e0e77586a7256e1f3f98e8dba933f773dd349d37f87be47256d7"},
    {file = "stringzilla-3.1.2-cp38-cp38-macosx_10_9_universal2.whl", hash = "sha256:a12d58fc741c7262071fa30e3c9596c162141efcee737291fe5659df73243f28"},
    {file = "stringzilla-3.1.2-cp38-cp38-macosx_10_9_x86_64.whl", hash = "sha256:f1523678802a1b0b2c5112c188bb123999568f6449bb7ec16b808f661ca2b317"},
    {file = "stringzilla-3.1.2-cp38-cp38-macosx_11_0_arm64.whl", hash = "sha256:7149362568413352249d6f25b292ed8778e284d4a518c71156c84fe7711d7971"},
    {file = "stringzilla-3.1.2-cp38-cp38-manylinux_2_17_aarch64.manylinux2014_aarch64.manylinux_2_28_aarch64.whl", hash = "sha256:d24065477a1b48664382e2d04ae00d13a895e528521ad413ef7cbdf2aa8c3226"},
    {file = "stringzilla-3.1.2-cp38-cp38-manylinux_2_17_ppc64le.manylinux2014_ppc64le.whl", hash = "sha256:ca1c088931f454d25ccb17c276e9b1649eb38de7540d9eee43593ffd656b665b"},
    {file = "stringzilla-3.1.2-cp38-cp38-manylinux_2_17_s390x.manylinux2014_s390x.whl", hash = "sha256:6a5bf72d5b1cf690d73b327383a2927d30818e7b40a42d4f1df4a4523d3144ce"},
    {file = "stringzilla-3.1.2-cp38-cp38-manylinux_2_17_x86_64.manylinux2014_x86_64.manylinux_2_28_x86_64.whl", hash = "sha256:4fc1042cbd08508acebb541c5e9227fc12bb388b3b345d7ac0044102146a8ae8"},
    {file = "stringzilla-3.1.2-cp38-cp38-manylinux_2_5_i686.manylinux1_i686.manylinux_2_17_i686.manylinux2014_i686.whl", hash = "sha256:73e256cbbb2459da99b2f10bbd8ace19f370748f5f172b0714bc4e214806ad88"},
    {file = "stringzilla-3.1.2-cp38-cp38-musllinux_1_1_i686.whl", hash = "sha256:0bf966ce61852acd0f63d175e76efdebd32ab3fff36fb3a554cf3767ddfea417"},
    {file = "stringzilla-3.1.2-cp38-cp38-musllinux_1_1_ppc64le.whl", hash = "sha256:31f8074e28838bdb87279c297c5d012d0dea816eee09b4278bfc46d1bd36e520"},
    {file = "stringzilla-3.1.2-cp38-cp38-musllinux_1_1_s390x.whl", hash = "sha256:2ba1296b281d9efea86677eb351aca0ab8a2c5660c1bb87744f26b6f13459166"},
    {file = "stringzilla-3.1.2-cp38-cp38-musllinux_1_2_aarch64.whl", hash = "sha256:372593cffbf640e591420c64f95b30fe86b1e5468729406d6d4fa3293c996f0b"},
    {file = "stringzilla-3.1.2-cp38-cp38-musllinux_1_2_x86_64.whl", hash = "sha256:e87b0ffd9a8379fd5ffd41e2220ddf173c2ac6fb272622d2cdbf05302650a5c7"},
    {file = "stringzilla-3.1.2-cp38-cp38-win32.whl", hash = "sha256:00fda2a5117b8b1dbe08ac6e8d3bc3144c4fe9b75e2a8d50b6cffdb266d40ce5"},
    {file = "stringzilla-3.1.2-cp38-cp38-win_amd64.whl", hash = "sha256:bb5d375b85725b14e40304ca6c5767652064817ca9ee427a23afde8b726f143a"},
    {file = "stringzilla-3.1.2-cp39-cp39-macosx_10_9_universal2.whl", hash = "sha256:f0f6613febb7f388c69466a2f2e65d50dd5345d76323c624851329a833a992a6"},
    {file = "stringzilla-3.1.2-cp39-cp39-macosx_10_9_x86_64.whl", hash = "sha256:4dea06db2c4fffd80af3d63be4fa52843f0d454e7fb03c637cb3c567add16ff6"},
    {file = "stringzilla-3.1.2-cp39-cp39-macosx_11_0_arm64.whl", hash = "sha256:1619255885831a153562d90268e03014f9a4c35f844f367d63588334e71fac19"},
    {file = "stringzilla-3.1.2-cp39-cp39-manylinux_2_17_aarch64.manylinux2014_aarch64.manylinux_2_28_aarch64.whl", hash = "sha256:777881dd86d762235474fec7d93f3802177831fbc0479a60bb0bec7920d6e6ef"},
    {file = "stringzilla-3.1.2-cp39-cp39-manylinux_2_17_ppc64le.manylinux2014_ppc64le.whl", hash = "sha256:3c9acbe9d9a0be2c11becb91a77f80f07105da4124da629b08eef5c10ef37032"},
    {file = "stringzilla-3.1.2-cp39-cp39-manylinux_2_17_s390x.manylinux2014_s390x.whl", hash = "sha256:b531601d53fc03479fad331281bd7181cb26e39d8614eb1ecf3e06e3dbeea3b5"},
    {file = "stringzilla-3.1.2-cp39-cp39-manylinux_2_17_x86_64.manylinux2014_x86_64.manylinux_2_28_x86_64.whl", hash = "sha256:22c766eb2a17145d30230d1e42a16d66b403f160880494e2c5bbdb59d93bff22"},
    {file = "stringzilla-3.1.2-cp39-cp39-manylinux_2_5_i686.manylinux1_i686.manylinux_2_17_i686.manylinux2014_i686.whl", hash = "sha256:1e50c5634dfc00fbb40d72f7dce83e1a1301ec960a9b3b873eb5dcb4bfe7a27b"},
    {file = "stringzilla-3.1.2-cp39-cp39-musllinux_1_1_i686.whl", hash = "sha256:fca05bc56aee4318021aa72377798741bb571ff1bae511cad420abdc04eccf16"},
    {file = "stringzilla-3.1.2-cp39-cp39-musllinux_1_1_ppc64le.whl", hash = "sha256:d0e9ac6c96fbcccb0b38c8d913ea35d925017a2637f467da3ea023f42b74f1e6"},
    {file = "stringzilla-3.1.2-cp39-cp39-musllinux_1_1_s390x.whl", hash = "sha256:54edddf55596c446867145b807a06ef054f24cc9babdeed0c7a8b63746068d30"},
    {file = "stringzilla-3.1.2-cp39-cp39-musllinux_1_2_aarch64.whl", hash = "sha256:9c03e190932c8b1bd20d1c053d9fa8b74b715d0ff832f0ffcbba96c5a16b4242"},
    {file = "stringzilla-3.1.2-cp39-cp39-musllinux_1_2_x86_64.whl", hash = "sha256:79fe3a4318de29d9c061a114f15613b6f4b7aeaaf5c6b58e42108cb08604e76a"},
    {file = "stringzilla-3.1.2-cp39-cp39-win32.whl", hash = "sha256:060df9f8a267526be49026818e83ef959aa8a491be80405e2b6657488398147b"},
    {file = "stringzilla-3.1.2-cp39-cp39-win_amd64.whl", hash = "sha256:12877432ebc83efeead50d3f605ac1a74f99f5e234bb0ba88c033a791df2d20f"},
    {file = "stringzilla-3.1.2-cp39-cp39-win_arm64.whl", hash = "sha256:626d4c3a615f11032787b48ae4bd2b08f21b1b9d4c0611da5e0ff47cd334727a"},
]

[[package]]
name = "tomli"
version = "2.0.1"
description = "A lil' TOML parser"
optional = false
python-versions = ">=3.7"
files = [
    {file = "tomli-2.0.1-py3-none-any.whl", hash = "sha256:939de3e7a6161af0c887ef91b7d41a53e7c5a1ca976325f429cb46ea9bc30ecc"},
    {file = "tomli-2.0.1.tar.gz", hash = "sha256:de526c12914f0c550d15924c62d72abc48d6fe7364aa87328337a31007fe8a4f"},
]

[[package]]
name = "typing-extensions"
version = "4.7.1"
description = "Backported and Experimental Type Hints for Python 3.7+"
optional = false
python-versions = ">=3.7"
files = [
    {file = "typing_extensions-4.7.1-py3-none-any.whl", hash = "sha256:440d5dd3af93b060174bf433bccd69b0babc3b15b1a8dca43789fd7f61514b36"},
    {file = "typing_extensions-4.7.1.tar.gz", hash = "sha256:b75ddc264f0ba5615db7ba217daeb99701ad295353c45f9e95963337ceeeffb2"},
]

[[package]]
name = "zipp"
version = "3.15.0"
description = "Backport of pathlib-compatible object wrapper for zip files"
optional = false
python-versions = ">=3.7"
files = [
    {file = "zipp-3.15.0-py3-none-any.whl", hash = "sha256:48904fc76a60e542af151aded95726c1a5c34ed43ab4134b597665c86d7ad556"},
    {file = "zipp-3.15.0.tar.gz", hash = "sha256:112929ad649da941c23de50f356a2b5570c954b65150642bccdd66bf194d224b"},
]

[package.extras]
docs = ["furo", "jaraco.packaging (>=9)", "jaraco.tidelift (>=1.4)", "rst.linker (>=1.9)", "sphinx (>=3.5)", "sphinx-lint"]
testing = ["big-O", "flake8 (<5)", "jaraco.functools", "jaraco.itertools", "more-itertools", "pytest (>=6)", "pytest-black (>=0.3.7)", "pytest-checkdocs (>=2.4)", "pytest-cov", "pytest-enabler (>=1.3)", "pytest-flake8", "pytest-mypy (>=0.9.1)"]

[metadata]
lock-version = "2.0"
python-versions = ">3.7"
content-hash = "5a5fab33ba074e73b45dfe7d38afd030f7683447db2ecc2f95436886cdc4329e"
