# This file is automatically @generated by Poetry and should not be changed by hand.

[[package]]
name = "chispa"
version = "0.9.2"
description = "Pyspark test helper library"
category = "dev"
optional = false
python-versions = ">=3.5"
files = [
    {file = "chispa-0.9.2-py3-none-any.whl", hash = "sha256:c6eae922f5c3ccd08f4dc3707202291bb249e68e319d0641795d92d80cfb1cad"},
    {file = "chispa-0.9.2.tar.gz", hash = "sha256:621ad2e64fd27e7372c7b90ab2d5ad1f8dd69b737a3421ba5b6f84b113a18b84"},
]

[[package]]
name = "colorama"
version = "0.4.5"
description = "Cross-platform colored terminal text."
category = "dev"
optional = false
python-versions = ">=2.7, !=3.0.*, !=3.1.*, !=3.2.*, !=3.3.*, !=3.4.*"
files = [
    {file = "colorama-0.4.5-py2.py3-none-any.whl", hash = "sha256:854bf444933e37f5824ae7bfc1e98d5bce2ebe4160d46b5edf346a89358e99da"},
    {file = "colorama-0.4.5.tar.gz", hash = "sha256:e6c6b4334fc50988a639d9b98aa429a0b57da6e17b9a44f0451f930b6967b7a4"},
]

[[package]]
name = "jellyfish"
version = "0.8.9"
description = "a library for doing approximate and phonetic matching of strings."
category = "main"
optional = false
python-versions = ">3.5"
files = [
    {file = "jellyfish-0.8.9-cp310-cp310-macosx_10_14_x86_64.whl", hash = "sha256:a3b3a31762b8c1286241ddd8a01c61d34df647d805bb5f659b8d6936612265d3"},
    {file = "jellyfish-0.8.9-cp310-cp310-manylinux_2_17_aarch64.manylinux2014_aarch64.whl", hash = "sha256:bb4b2e1886f96b5721a1cbf2f2c22e8fe94af9688aec8e29945c11ab8f129a02"},
    {file = "jellyfish-0.8.9-cp310-cp310-win_amd64.whl", hash = "sha256:b1fd092e60e06115da2f4ab754ba11df7740d5bfe19021c73616b456240315c8"},
    {file = "jellyfish-0.8.9-cp36-cp36m-macosx_10_14_x86_64.whl", hash = "sha256:13696b496dee907e86bc1966acaa53a85d3ac893221caa9fe020630cb49c0c4d"},
    {file = "jellyfish-0.8.9-cp36-cp36m-manylinux_2_17_aarch64.manylinux2014_aarch64.whl", hash = "sha256:9dd016d3731d90231a5f1874a91b05c4fea12de1fba1e7830484b1f30d78de4c"},
    {file = "jellyfish-0.8.9-cp36-cp36m-win_amd64.whl", hash = "sha256:beebadb1602ef407b94d9b31914fd7e4e260e6e62e09865276f59cff1278a7e8"},
    {file = "jellyfish-0.8.9-cp37-cp37m-macosx_10_14_x86_64.whl", hash = "sha256:77837d9156d34af8056cbf05818506549da3e585179ec8217ea32d9f5e2ad578"},
    {file = "jellyfish-0.8.9-cp37-cp37m-manylinux_2_17_aarch64.manylinux2014_aarch64.whl", hash = "sha256:2340c137a03dd3e64ed3eb5d60b7353c162bed80d7cd8bcb3c5e9053d325d724"},
    {file = "jellyfish-0.8.9-cp37-cp37m-win_amd64.whl", hash = "sha256:a9ba695c97a8c3dc0b08d44503a137a12a2e6ce3cf02d4d77f1831aa4a5f7218"},
    {file = "jellyfish-0.8.9-cp38-cp38-macosx_10_14_x86_64.whl", hash = "sha256:f218e8a004d8748f251923019d7979a7f83accc95b3a5f1d656d543b8f5b5291"},
    {file = "jellyfish-0.8.9-cp38-cp38-manylinux_2_17_aarch64.manylinux2014_aarch64.whl", hash = "sha256:5997559270da8df1566d3a19cfa89b7585c9da5aa60010bb925247e482c73afe"},
    {file = "jellyfish-0.8.9-cp38-cp38-win_amd64.whl", hash = "sha256:9965ebaecba43c709ad4b93cd1e7cb0c0c452d58a339459e0d69c4b57e81f84d"},
    {file = "jellyfish-0.8.9-cp39-cp39-macosx_10_14_x86_64.whl", hash = "sha256:3ad030b96f7d459daa97da249ca68d74ed261367b58e9af1f02c7bded7ed8e45"},
    {file = "jellyfish-0.8.9-cp39-cp39-manylinux_2_17_aarch64.manylinux2014_aarch64.whl", hash = "sha256:bb30a07adf110d6f7d03d6bd531b1947134b1517ef45147f1329c9715ab4b9ce"},
    {file = "jellyfish-0.8.9-cp39-cp39-win_amd64.whl", hash = "sha256:92d69421ed39d4036ea82d7a726300b1e016368cf5f31c3b209887390165d30e"},
    {file = "jellyfish-0.8.9.tar.gz", hash = "sha256:90d25e8f5971ebbcf56f216ff5bb65d6466572b78908c88c47ab588d4ea436c2"},
]

[[package]]
name = "py"
version = "1.11.0"
description = "library with cross-python path, ini-parsing, io, code, log facilities"
category = "dev"
optional = false
python-versions = ">=2.7, !=3.0.*, !=3.1.*, !=3.2.*, !=3.3.*, !=3.4.*"
files = [
    {file = "py-1.11.0-py2.py3-none-any.whl", hash = "sha256:607c53218732647dff4acdfcd50cb62615cedf612e72d1724fb1a0cc6405b378"},
    {file = "py-1.11.0.tar.gz", hash = "sha256:51c75c4126074b472f746a24399ad32f6053d1b34b68d2fa41e558e6f4a98719"},
]

[[package]]
name = "py4j"
version = "0.10.9"
description = "Enables Python programs to dynamically access arbitrary Java objects"
category = "dev"
optional = false
python-versions = "*"
files = [
    {file = "py4j-0.10.9-py2.py3-none-any.whl", hash = "sha256:859ba728a7bb43e9c2bf058832759fb97a598bb28cc12f34f5fc4abdec08ede6"},
    {file = "py4j-0.10.9.tar.gz", hash = "sha256:36ec57f43ff8ced260a18aa9a4e46c3500a730cac8860e259cbaa546c2b9db2f"},
]

[[package]]
name = "pyspark"
version = "3.0.3"
description = "Apache Spark Python API"
category = "dev"
optional = false
python-versions = "*"
files = [
    {file = "pyspark-3.0.3.tar.gz", hash = "sha256:c4499903e3d7289cf2b4bf7755fb32cf17922598f3b85a1c230860dec020eec4"},
]

[package.dependencies]
py4j = "0.10.9"

[package.extras]
ml = ["numpy (>=1.7)"]
mllib = ["numpy (>=1.7)"]
sql = ["pandas (>=0.23.2)", "pyarrow (>=0.15.1)"]

[[package]]
name = "pytest"
version = "3.2.2"
description = "pytest: simple powerful testing with Python"
category = "dev"
optional = false
python-versions = "*"
files = [
    {file = "pytest-3.2.2-py2.py3-none-any.whl", hash = "sha256:b84f554f8ddc23add65c411bf112b2d88e2489fd45f753b1cae5936358bdf314"},
    {file = "pytest-3.2.2.tar.gz", hash = "sha256:f46e49e0340a532764991c498244a60e3a37d7424a532b3ff1a6a7653f1a403a"},
]

[package.dependencies]
colorama = {version = "*", markers = "sys_platform == \"win32\""}
py = ">=1.4.33"
setuptools = "*"

[[package]]
name = "setuptools"
version = "50.3.2"
description = "Easily download, build, install, upgrade, and uninstall Python packages"
category = "dev"
optional = false
python-versions = ">=3.5"
files = [
    {file = "setuptools-50.3.2-py3-none-any.whl", hash = "sha256:2c242a0856fbad7efbe560df4a7add9324f340cf48df43651e9604924466794a"},
    {file = "setuptools-50.3.2.zip", hash = "sha256:ed0519d27a243843b05d82a5e9d01b0b083d9934eaa3d02779a23da18077bd3c"},
]

[package.extras]
certs = ["certifi (==2016.9.26)"]
docs = ["jaraco.packaging (>=6.1)", "pygments-github-lexers (==0.0.5)", "rst.linker (>=1.9)", "sphinx"]
ssl = ["wincertstore (==0.2)"]
tests = ["coverage (>=4.5.1)", "flake8-2020", "jaraco.envs", "jaraco.test (>=3.1.1)", "mock", "paver", "pip (>=19.1)", "pytest (>=3.7)", "pytest-cov (>=2.5.1)", "pytest-flake8", "pytest-virtualenv (>=1.2.7)", "virtualenv (>=13.0.0)", "wheel"]

[metadata]
lock-version = "2.0"
python-versions = ">3.5"
content-hash = "f9c8f699c7fd59eb82481d0f12f1139233fbd3a58cae57749ebe00d02ce5765c"
